// !$*UTF8*$!
{
	archiveVersion = 1;
	classes = {
	};
	objectVersion = 56;
	objects = {

/* Begin PBXBuildFile section */
		517E2CA629750E5D0020938D /* AppDelegate.swift in Sources */ = {isa = PBXBuildFile; fileRef = 517E2CA529750E5D0020938D /* AppDelegate.swift */; };
		517E2CA829750E5D0020938D /* GameScene.sks in Resources */ = {isa = PBXBuildFile; fileRef = 517E2CA729750E5D0020938D /* GameScene.sks */; };
		517E2CAA29750E5D0020938D /* Actions.sks in Resources */ = {isa = PBXBuildFile; fileRef = 517E2CA929750E5D0020938D /* Actions.sks */; };
		517E2CAC29750E5D0020938D /* GameScene.swift in Sources */ = {isa = PBXBuildFile; fileRef = 517E2CAB29750E5D0020938D /* GameScene.swift */; };
		517E2CAE29750E5D0020938D /* GameViewController.swift in Sources */ = {isa = PBXBuildFile; fileRef = 517E2CAD29750E5D0020938D /* GameViewController.swift */; };
		517E2CB129750E5D0020938D /* Main.storyboard in Resources */ = {isa = PBXBuildFile; fileRef = 517E2CAF29750E5D0020938D /* Main.storyboard */; };
		517E2CB329750E5F0020938D /* Assets.xcassets in Resources */ = {isa = PBXBuildFile; fileRef = 517E2CB229750E5F0020938D /* Assets.xcassets */; };
		517E2CB629750E5F0020938D /* LaunchScreen.storyboard in Resources */ = {isa = PBXBuildFile; fileRef = 517E2CB429750E5F0020938D /* LaunchScreen.storyboard */; };
		517E2CC029750E5F0020938D /* Swifty_BirdTests.swift in Sources */ = {isa = PBXBuildFile; fileRef = 517E2CBF29750E5F0020938D /* Swifty_BirdTests.swift */; };
		517E2CCA29750E5F0020938D /* Swifty_BirdUITests.swift in Sources */ = {isa = PBXBuildFile; fileRef = 517E2CC929750E5F0020938D /* Swifty_BirdUITests.swift */; };
		517E2CCC29750E5F0020938D /* Swifty_BirdUITestsLaunchTests.swift in Sources */ = {isa = PBXBuildFile; fileRef = 517E2CCB29750E5F0020938D /* Swifty_BirdUITestsLaunchTests.swift */; };
/* End PBXBuildFile section */

/* Begin PBXContainerItemProxy section */
		517E2CBC29750E5F0020938D /* PBXContainerItemProxy */ = {
			isa = PBXContainerItemProxy;
			containerPortal = 517E2C9A29750E5D0020938D /* Project object */;
			proxyType = 1;
			remoteGlobalIDString = 517E2CA129750E5D0020938D;
			remoteInfo = "Swifty Bird";
		};
		517E2CC629750E5F0020938D /* PBXContainerItemProxy */ = {
			isa = PBXContainerItemProxy;
			containerPortal = 517E2C9A29750E5D0020938D /* Project object */;
			proxyType = 1;
			remoteGlobalIDString = 517E2CA129750E5D0020938D;
			remoteInfo = "Swifty Bird";
		};
/* End PBXContainerItemProxy section */

/* Begin PBXFileReference section */
		517E2CA229750E5D0020938D /* Swifty Bird.app */ = {isa = PBXFileReference; explicitFileType = wrapper.application; includeInIndex = 0; path = "Swifty Bird.app"; sourceTree = BUILT_PRODUCTS_DIR; };
		517E2CA529750E5D0020938D /* AppDelegate.swift */ = {isa = PBXFileReference; lastKnownFileType = sourcecode.swift; path = AppDelegate.swift; sourceTree = "<group>"; };
		517E2CA729750E5D0020938D /* GameScene.sks */ = {isa = PBXFileReference; lastKnownFileType = file.sks; path = GameScene.sks; sourceTree = "<group>"; };
		517E2CA929750E5D0020938D /* Actions.sks */ = {isa = PBXFileReference; lastKnownFileType = file.sks; path = Actions.sks; sourceTree = "<group>"; };
		517E2CAB29750E5D0020938D /* GameScene.swift */ = {isa = PBXFileReference; lastKnownFileType = sourcecode.swift; path = GameScene.swift; sourceTree = "<group>"; };
		517E2CAD29750E5D0020938D /* GameViewController.swift */ = {isa = PBXFileReference; lastKnownFileType = sourcecode.swift; path = GameViewController.swift; sourceTree = "<group>"; };
		517E2CB029750E5D0020938D /* Base */ = {isa = PBXFileReference; lastKnownFileType = file.storyboard; name = Base; path = Base.lproj/Main.storyboard; sourceTree = "<group>"; };
		517E2CB229750E5F0020938D /* Assets.xcassets */ = {isa = PBXFileReference; lastKnownFileType = folder.assetcatalog; path = Assets.xcassets; sourceTree = "<group>"; };
		517E2CB529750E5F0020938D /* Base */ = {isa = PBXFileReference; lastKnownFileType = file.storyboard; name = Base; path = Base.lproj/LaunchScreen.storyboard; sourceTree = "<group>"; };
		517E2CBB29750E5F0020938D /* Swifty BirdTests.xctest */ = {isa = PBXFileReference; explicitFileType = wrapper.cfbundle; includeInIndex = 0; path = "Swifty BirdTests.xctest"; sourceTree = BUILT_PRODUCTS_DIR; };
		517E2CBF29750E5F0020938D /* Swifty_BirdTests.swift */ = {isa = PBXFileReference; lastKnownFileType = sourcecode.swift; path = Swifty_BirdTests.swift; sourceTree = "<group>"; };
		517E2CC529750E5F0020938D /* Swifty BirdUITests.xctest */ = {isa = PBXFileReference; explicitFileType = wrapper.cfbundle; includeInIndex = 0; path = "Swifty BirdUITests.xctest"; sourceTree = BUILT_PRODUCTS_DIR; };
		517E2CC929750E5F0020938D /* Swifty_BirdUITests.swift */ = {isa = PBXFileReference; lastKnownFileType = sourcecode.swift; path = Swifty_BirdUITests.swift; sourceTree = "<group>"; };
		517E2CCB29750E5F0020938D /* Swifty_BirdUITestsLaunchTests.swift */ = {isa = PBXFileReference; lastKnownFileType = sourcecode.swift; path = Swifty_BirdUITestsLaunchTests.swift; sourceTree = "<group>"; };
/* End PBXFileReference section */

/* Begin PBXFrameworksBuildPhase section */
		517E2C9F29750E5D0020938D /* Frameworks */ = {
			isa = PBXFrameworksBuildPhase;
			buildActionMask = 2147483647;
			files = (
			);
			runOnlyForDeploymentPostprocessing = 0;
		};
		517E2CB829750E5F0020938D /* Frameworks */ = {
			isa = PBXFrameworksBuildPhase;
			buildActionMask = 2147483647;
			files = (
			);
			runOnlyForDeploymentPostprocessing = 0;
		};
		517E2CC229750E5F0020938D /* Frameworks */ = {
			isa = PBXFrameworksBuildPhase;
			buildActionMask = 2147483647;
			files = (
			);
			runOnlyForDeploymentPostprocessing = 0;
		};
/* End PBXFrameworksBuildPhase section */

/* Begin PBXGroup section */
		517E2C9929750E5D0020938D = {
			isa = PBXGroup;
			children = (
				517E2CA429750E5D0020938D /* Swifty Bird */,
				517E2CBE29750E5F0020938D /* Swifty BirdTests */,
				517E2CC829750E5F0020938D /* Swifty BirdUITests */,
				517E2CA329750E5D0020938D /* Products */,
			);
			sourceTree = "<group>";
		};
		517E2CA329750E5D0020938D /* Products */ = {
			isa = PBXGroup;
			children = (
				517E2CA229750E5D0020938D /* Swifty Bird.app */,
				517E2CBB29750E5F0020938D /* Swifty BirdTests.xctest */,
				517E2CC529750E5F0020938D /* Swifty BirdUITests.xctest */,
			);
			name = Products;
			sourceTree = "<group>";
		};
		517E2CA429750E5D0020938D /* Swifty Bird */ = {
			isa = PBXGroup;
			children = (
				517E2CA529750E5D0020938D /* AppDelegate.swift */,
				517E2CA729750E5D0020938D /* GameScene.sks */,
				517E2CA929750E5D0020938D /* Actions.sks */,
				517E2CAB29750E5D0020938D /* GameScene.swift */,
				517E2CAD29750E5D0020938D /* GameViewController.swift */,
				517E2CAF29750E5D0020938D /* Main.storyboard */,
				517E2CB229750E5F0020938D /* Assets.xcassets */,
				517E2CB429750E5F0020938D /* LaunchScreen.storyboard */,
			);
			path = "Swifty Bird";
			sourceTree = "<group>";
		};
		517E2CBE29750E5F0020938D /* Swifty BirdTests */ = {
			isa = PBXGroup;
			children = (
				517E2CBF29750E5F0020938D /* Swifty_BirdTests.swift */,
			);
			path = "Swifty BirdTests";
			sourceTree = "<group>";
		};
		517E2CC829750E5F0020938D /* Swifty BirdUITests */ = {
			isa = PBXGroup;
			children = (
				517E2CC929750E5F0020938D /* Swifty_BirdUITests.swift */,
				517E2CCB29750E5F0020938D /* Swifty_BirdUITestsLaunchTests.swift */,
			);
			path = "Swifty BirdUITests";
			sourceTree = "<group>";
		};
/* End PBXGroup section */

/* Begin PBXNativeTarget section */
		517E2CA129750E5D0020938D /* Swifty Bird */ = {
			isa = PBXNativeTarget;
			buildConfigurationList = 517E2CCF29750E5F0020938D /* Build configuration list for PBXNativeTarget "Swifty Bird" */;
			buildPhases = (
				517E2C9E29750E5D0020938D /* Sources */,
				517E2C9F29750E5D0020938D /* Frameworks */,
				517E2CA029750E5D0020938D /* Resources */,
			);
			buildRules = (
			);
			dependencies = (
			);
			name = "Swifty Bird";
			productName = "Swifty Bird";
			productReference = 517E2CA229750E5D0020938D /* Swifty Bird.app */;
			productType = "com.apple.product-type.application";
		};
		517E2CBA29750E5F0020938D /* Swifty BirdTests */ = {
			isa = PBXNativeTarget;
			buildConfigurationList = 517E2CD229750E5F0020938D /* Build configuration list for PBXNativeTarget "Swifty BirdTests" */;
			buildPhases = (
				517E2CB729750E5F0020938D /* Sources */,
				517E2CB829750E5F0020938D /* Frameworks */,
				517E2CB929750E5F0020938D /* Resources */,
			);
			buildRules = (
			);
			dependencies = (
				517E2CBD29750E5F0020938D /* PBXTargetDependency */,
			);
			name = "Swifty BirdTests";
			productName = "Swifty BirdTests";
			productReference = 517E2CBB29750E5F0020938D /* Swifty BirdTests.xctest */;
			productType = "com.apple.product-type.bundle.unit-test";
		};
		517E2CC429750E5F0020938D /* Swifty BirdUITests */ = {
			isa = PBXNativeTarget;
			buildConfigurationList = 517E2CD529750E5F0020938D /* Build configuration list for PBXNativeTarget "Swifty BirdUITests" */;
			buildPhases = (
				517E2CC129750E5F0020938D /* Sources */,
				517E2CC229750E5F0020938D /* Frameworks */,
				517E2CC329750E5F0020938D /* Resources */,
			);
			buildRules = (
			);
			dependencies = (
				517E2CC729750E5F0020938D /* PBXTargetDependency */,
			);
			name = "Swifty BirdUITests";
			productName = "Swifty BirdUITests";
			productReference = 517E2CC529750E5F0020938D /* Swifty BirdUITests.xctest */;
			productType = "com.apple.product-type.bundle.ui-testing";
		};
/* End PBXNativeTarget section */

/* Begin PBXProject section */
		517E2C9A29750E5D0020938D /* Project object */ = {
			isa = PBXProject;
			attributes = {
				BuildIndependentTargetsInParallel = 1;
				LastSwiftUpdateCheck = 1420;
				LastUpgradeCheck = 1420;
				TargetAttributes = {
					517E2CA129750E5D0020938D = {
						CreatedOnToolsVersion = 14.2;
					};
					517E2CBA29750E5F0020938D = {
						CreatedOnToolsVersion = 14.2;
						TestTargetID = 517E2CA129750E5D0020938D;
					};
					517E2CC429750E5F0020938D = {
						CreatedOnToolsVersion = 14.2;
						TestTargetID = 517E2CA129750E5D0020938D;
					};
				};
			};
			buildConfigurationList = 517E2C9D29750E5D0020938D /* Build configuration list for PBXProject "Swifty Bird" */;
			compatibilityVersion = "Xcode 14.0";
			developmentRegion = en;
			hasScannedForEncodings = 0;
			knownRegions = (
				en,
				Base,
			);
			mainGroup = 517E2C9929750E5D0020938D;
			productRefGroup = 517E2CA329750E5D0020938D /* Products */;
			projectDirPath = "";
			projectRoot = "";
			targets = (
				517E2CA129750E5D0020938D /* Swifty Bird */,
				517E2CBA29750E5F0020938D /* Swifty BirdTests */,
				517E2CC429750E5F0020938D /* Swifty BirdUITests */,
			);
		};
/* End PBXProject section */

/* Begin PBXResourcesBuildPhase section */
		517E2CA029750E5D0020938D /* Resources */ = {
			isa = PBXResourcesBuildPhase;
			buildActionMask = 2147483647;
			files = (
				517E2CB129750E5D0020938D /* Main.storyboard in Resources */,
				517E2CA829750E5D0020938D /* GameScene.sks in Resources */,
				517E2CB329750E5F0020938D /* Assets.xcassets in Resources */,
				517E2CB629750E5F0020938D /* LaunchScreen.storyboard in Resources */,
				517E2CAA29750E5D0020938D /* Actions.sks in Resources */,
			);
			runOnlyForDeploymentPostprocessing = 0;
		};
		517E2CB929750E5F0020938D /* Resources */ = {
			isa = PBXResourcesBuildPhase;
			buildActionMask = 2147483647;
			files = (
			);
			runOnlyForDeploymentPostprocessing = 0;
		};
		517E2CC329750E5F0020938D /* Resources */ = {
			isa = PBXResourcesBuildPhase;
			buildActionMask = 2147483647;
			files = (
			);
			runOnlyForDeploymentPostprocessing = 0;
		};
/* End PBXResourcesBuildPhase section */

/* Begin PBXSourcesBuildPhase section */
		517E2C9E29750E5D0020938D /* Sources */ = {
			isa = PBXSourcesBuildPhase;
			buildActionMask = 2147483647;
			files = (
				517E2CAC29750E5D0020938D /* GameScene.swift in Sources */,
				517E2CAE29750E5D0020938D /* GameViewController.swift in Sources */,
				517E2CA629750E5D0020938D /* AppDelegate.swift in Sources */,
			);
			runOnlyForDeploymentPostprocessing = 0;
		};
		517E2CB729750E5F0020938D /* Sources */ = {
			isa = PBXSourcesBuildPhase;
			buildActionMask = 2147483647;
			files = (
				517E2CC029750E5F0020938D /* Swifty_BirdTests.swift in Sources */,
			);
			runOnlyForDeploymentPostprocessing = 0;
		};
		517E2CC129750E5F0020938D /* Sources */ = {
			isa = PBXSourcesBuildPhase;
			buildActionMask = 2147483647;
			files = (
				517E2CCA29750E5F0020938D /* Swifty_BirdUITests.swift in Sources */,
				517E2CCC29750E5F0020938D /* Swifty_BirdUITestsLaunchTests.swift in Sources */,
			);
			runOnlyForDeploymentPostprocessing = 0;
		};
/* End PBXSourcesBuildPhase section */

/* Begin PBXTargetDependency section */
		517E2CBD29750E5F0020938D /* PBXTargetDependency */ = {
			isa = PBXTargetDependency;
			target = 517E2CA129750E5D0020938D /* Swifty Bird */;
			targetProxy = 517E2CBC29750E5F0020938D /* PBXContainerItemProxy */;
		};
		517E2CC729750E5F0020938D /* PBXTargetDependency */ = {
			isa = PBXTargetDependency;
			target = 517E2CA129750E5D0020938D /* Swifty Bird */;
			targetProxy = 517E2CC629750E5F0020938D /* PBXContainerItemProxy */;
		};
/* End PBXTargetDependency section */

/* Begin PBXVariantGroup section */
		517E2CAF29750E5D0020938D /* Main.storyboard */ = {
			isa = PBXVariantGroup;
			children = (
				517E2CB029750E5D0020938D /* Base */,
			);
			name = Main.storyboard;
			sourceTree = "<group>";
		};
		517E2CB429750E5F0020938D /* LaunchScreen.storyboard */ = {
			isa = PBXVariantGroup;
			children = (
				517E2CB529750E5F0020938D /* Base */,
			);
			name = LaunchScreen.storyboard;
			sourceTree = "<group>";
		};
/* End PBXVariantGroup section */

/* Begin XCBuildConfiguration section */
		517E2CCD29750E5F0020938D /* Debug */ = {
			isa = XCBuildConfiguration;
			buildSettings = {
				ALWAYS_SEARCH_USER_PATHS = NO;
				CLANG_ANALYZER_NONNULL = YES;
				CLANG_ANALYZER_NUMBER_OBJECT_CONVERSION = YES_AGGRESSIVE;
				CLANG_CXX_LANGUAGE_STANDARD = "gnu++20";
				CLANG_ENABLE_MODULES = YES;
				CLANG_ENABLE_OBJC_ARC = YES;
				CLANG_ENABLE_OBJC_WEAK = YES;
				CLANG_WARN_BLOCK_CAPTURE_AUTORELEASING = YES;
				CLANG_WARN_BOOL_CONVERSION = YES;
				CLANG_WARN_COMMA = YES;
				CLANG_WARN_CONSTANT_CONVERSION = YES;
				CLANG_WARN_DEPRECATED_OBJC_IMPLEMENTATIONS = YES;
				CLANG_WARN_DIRECT_OBJC_ISA_USAGE = YES_ERROR;
				CLANG_WARN_DOCUMENTATION_COMMENTS = YES;
				CLANG_WARN_EMPTY_BODY = YES;
				CLANG_WARN_ENUM_CONVERSION = YES;
				CLANG_WARN_INFINITE_RECURSION = YES;
				CLANG_WARN_INT_CONVERSION = YES;
				CLANG_WARN_NON_LITERAL_NULL_CONVERSION = YES;
				CLANG_WARN_OBJC_IMPLICIT_RETAIN_SELF = YES;
				CLANG_WARN_OBJC_LITERAL_CONVERSION = YES;
				CLANG_WARN_OBJC_ROOT_CLASS = YES_ERROR;
				CLANG_WARN_QUOTED_INCLUDE_IN_FRAMEWORK_HEADER = YES;
				CLANG_WARN_RANGE_LOOP_ANALYSIS = YES;
				CLANG_WARN_STRICT_PROTOTYPES = YES;
				CLANG_WARN_SUSPICIOUS_MOVE = YES;
				CLANG_WARN_UNGUARDED_AVAILABILITY = YES_AGGRESSIVE;
				CLANG_WARN_UNREACHABLE_CODE = YES;
				CLANG_WARN__DUPLICATE_METHOD_MATCH = YES;
				COPY_PHASE_STRIP = NO;
				DEBUG_INFORMATION_FORMAT = dwarf;
				ENABLE_STRICT_OBJC_MSGSEND = YES;
				ENABLE_TESTABILITY = YES;
				GCC_C_LANGUAGE_STANDARD = gnu11;
				GCC_DYNAMIC_NO_PIC = NO;
				GCC_NO_COMMON_BLOCKS = YES;
				GCC_OPTIMIZATION_LEVEL = 0;
				GCC_PREPROCESSOR_DEFINITIONS = (
					"DEBUG=1",
					"$(inherited)",
				);
				GCC_WARN_64_TO_32_BIT_CONVERSION = YES;
				GCC_WARN_ABOUT_RETURN_TYPE = YES_ERROR;
				GCC_WARN_UNDECLARED_SELECTOR = YES;
				GCC_WARN_UNINITIALIZED_AUTOS = YES_AGGRESSIVE;
				GCC_WARN_UNUSED_FUNCTION = YES;
				GCC_WARN_UNUSED_VARIABLE = YES;
				IPHONEOS_DEPLOYMENT_TARGET = 16.2;
				MTL_ENABLE_DEBUG_INFO = INCLUDE_SOURCE;
				MTL_FAST_MATH = YES;
				ONLY_ACTIVE_ARCH = YES;
				SDKROOT = iphoneos;
				SWIFT_ACTIVE_COMPILATION_CONDITIONS = DEBUG;
				SWIFT_OPTIMIZATION_LEVEL = "-Onone";
			};
			name = Debug;
		};
		517E2CCE29750E5F0020938D /* Release */ = {
			isa = XCBuildConfiguration;
			buildSettings = {
				ALWAYS_SEARCH_USER_PATHS = NO;
				CLANG_ANALYZER_NONNULL = YES;
				CLANG_ANALYZER_NUMBER_OBJECT_CONVERSION = YES_AGGRESSIVE;
				CLANG_CXX_LANGUAGE_STANDARD = "gnu++20";
				CLANG_ENABLE_MODULES = YES;
				CLANG_ENABLE_OBJC_ARC = YES;
				CLANG_ENABLE_OBJC_WEAK = YES;
				CLANG_WARN_BLOCK_CAPTURE_AUTORELEASING = YES;
				CLANG_WARN_BOOL_CONVERSION = YES;
				CLANG_WARN_COMMA = YES;
				CLANG_WARN_CONSTANT_CONVERSION = YES;
				CLANG_WARN_DEPRECATED_OBJC_IMPLEMENTATIONS = YES;
				CLANG_WARN_DIRECT_OBJC_ISA_USAGE = YES_ERROR;
				CLANG_WARN_DOCUMENTATION_COMMENTS = YES;
				CLANG_WARN_EMPTY_BODY = YES;
				CLANG_WARN_ENUM_CONVERSION = YES;
				CLANG_WARN_INFINITE_RECURSION = YES;
				CLANG_WARN_INT_CONVERSION = YES;
				CLANG_WARN_NON_LITERAL_NULL_CONVERSION = YES;
				CLANG_WARN_OBJC_IMPLICIT_RETAIN_SELF = YES;
				CLANG_WARN_OBJC_LITERAL_CONVERSION = YES;
				CLANG_WARN_OBJC_ROOT_CLASS = YES_ERROR;
				CLANG_WARN_QUOTED_INCLUDE_IN_FRAMEWORK_HEADER = YES;
				CLANG_WARN_RANGE_LOOP_ANALYSIS = YES;
				CLANG_WARN_STRICT_PROTOTYPES = YES;
				CLANG_WARN_SUSPICIOUS_MOVE = YES;
				CLANG_WARN_UNGUARDED_AVAILABILITY = YES_AGGRESSIVE;
				CLANG_WARN_UNREACHABLE_CODE = YES;
				CLANG_WARN__DUPLICATE_METHOD_MATCH = YES;
				COPY_PHASE_STRIP = NO;
				DEBUG_INFORMATION_FORMAT = "dwarf-with-dsym";
				ENABLE_NS_ASSERTIONS = NO;
				ENABLE_STRICT_OBJC_MSGSEND = YES;
				GCC_C_LANGUAGE_STANDARD = gnu11;
				GCC_NO_COMMON_BLOCKS = YES;
				GCC_WARN_64_TO_32_BIT_CONVERSION = YES;
				GCC_WARN_ABOUT_RETURN_TYPE = YES_ERROR;
				GCC_WARN_UNDECLARED_SELECTOR = YES;
				GCC_WARN_UNINITIALIZED_AUTOS = YES_AGGRESSIVE;
				GCC_WARN_UNUSED_FUNCTION = YES;
				GCC_WARN_UNUSED_VARIABLE = YES;
				IPHONEOS_DEPLOYMENT_TARGET = 16.2;
				MTL_ENABLE_DEBUG_INFO = NO;
				MTL_FAST_MATH = YES;
				SDKROOT = iphoneos;
				SWIFT_COMPILATION_MODE = wholemodule;
				SWIFT_OPTIMIZATION_LEVEL = "-O";
				VALIDATE_PRODUCT = YES;
			};
			name = Release;
		};
		517E2CD029750E5F0020938D /* Debug */ = {
			isa = XCBuildConfiguration;
			buildSettings = {
				ASSETCATALOG_COMPILER_APPICON_NAME = AppIcon;
				ASSETCATALOG_COMPILER_GLOBAL_ACCENT_COLOR_NAME = AccentColor;
				CODE_SIGN_STYLE = Automatic;
				CURRENT_PROJECT_VERSION = 1;
				DEVELOPMENT_TEAM = U8PG7MY425;
				GENERATE_INFOPLIST_FILE = YES;
				INFOPLIST_KEY_UIApplicationSupportsIndirectInputEvents = YES;
				INFOPLIST_KEY_UILaunchStoryboardName = LaunchScreen;
				INFOPLIST_KEY_UIMainStoryboardFile = Main;
				INFOPLIST_KEY_UIStatusBarHidden = YES;
				INFOPLIST_KEY_UISupportedInterfaceOrientations_iPad = "UIInterfaceOrientationPortrait UIInterfaceOrientationPortraitUpsideDown UIInterfaceOrientationLandscapeLeft UIInterfaceOrientationLandscapeRight";
				INFOPLIST_KEY_UISupportedInterfaceOrientations_iPhone = "UIInterfaceOrientationPortrait UIInterfaceOrientationLandscapeLeft UIInterfaceOrientationLandscapeRight";
				LD_RUNPATH_SEARCH_PATHS = (
					"$(inherited)",
					"@executable_path/Frameworks",
				);
				MARKETING_VERSION = 1.0;
				PRODUCT_BUNDLE_IDENTIFIER = "melvinhe.Swifty-Bird";
				PRODUCT_NAME = "$(TARGET_NAME)";
				SWIFT_EMIT_LOC_STRINGS = YES;
				SWIFT_VERSION = 5.0;
				TARGETED_DEVICE_FAMILY = "1,2";
			};
			name = Debug;
		};
		517E2CD129750E5F0020938D /* Release */ = {
			isa = XCBuildConfiguration;
			buildSettings = {
				ASSETCATALOG_COMPILER_APPICON_NAME = AppIcon;
				ASSETCATALOG_COMPILER_GLOBAL_ACCENT_COLOR_NAME = AccentColor;
				CODE_SIGN_STYLE = Automatic;
				CURRENT_PROJECT_VERSION = 1;
				DEVELOPMENT_TEAM = U8PG7MY425;
				GENERATE_INFOPLIST_FILE = YES;
				INFOPLIST_KEY_UIApplicationSupportsIndirectInputEvents = YES;
				INFOPLIST_KEY_UILaunchStoryboardName = LaunchScreen;
				INFOPLIST_KEY_UIMainStoryboardFile = Main;
				INFOPLIST_KEY_UIStatusBarHidden = YES;
				INFOPLIST_KEY_UISupportedInterfaceOrientations_iPad = "UIInterfaceOrientationPortrait UIInterfaceOrientationPortraitUpsideDown UIInterfaceOrientationLandscapeLeft UIInterfaceOrientationLandscapeRight";
				INFOPLIST_KEY_UISupportedInterfaceOrientations_iPhone = "UIInterfaceOrientationPortrait UIInterfaceOrientationLandscapeLeft UIInterfaceOrientationLandscapeRight";
				LD_RUNPATH_SEARCH_PATHS = (
					"$(inherited)",
					"@executable_path/Frameworks",
				);
				MARKETING_VERSION = 1.0;
				PRODUCT_BUNDLE_IDENTIFIER = "melvinhe.Swifty-Bird";
				PRODUCT_NAME = "$(TARGET_NAME)";
				SWIFT_EMIT_LOC_STRINGS = YES;
				SWIFT_VERSION = 5.0;
				TARGETED_DEVICE_FAMILY = "1,2";
			};
			name = Release;
		};
		517E2CD329750E5F0020938D /* Debug */ = {
			isa = XCBuildConfiguration;
			buildSettings = {
				ALWAYS_EMBED_SWIFT_STANDARD_LIBRARIES = YES;
				BUNDLE_LOADER = "$(TEST_HOST)";
				CODE_SIGN_STYLE = Automatic;
				CURRENT_PROJECT_VERSION = 1;
				DEVELOPMENT_TEAM = U8PG7MY425;
				GENERATE_INFOPLIST_FILE = YES;
				IPHONEOS_DEPLOYMENT_TARGET = 16.2;
				MARKETING_VERSION = 1.0;
				PRODUCT_BUNDLE_IDENTIFIER = "melvinhe.Swifty-BirdTests";
				PRODUCT_NAME = "$(TARGET_NAME)";
				SWIFT_EMIT_LOC_STRINGS = NO;
				SWIFT_VERSION = 5.0;
				TARGETED_DEVICE_FAMILY = "1,2";
				TEST_HOST = "$(BUILT_PRODUCTS_DIR)/Swifty Bird.app/$(BUNDLE_EXECUTABLE_FOLDER_PATH)/Swifty Bird";
			};
			name = Debug;
		};
		517E2CD429750E5F0020938D /* Release */ = {
			isa = XCBuildConfiguration;
			buildSettings = {
				ALWAYS_EMBED_SWIFT_STANDARD_LIBRARIES = YES;
				BUNDLE_LOADER = "$(TEST_HOST)";
				CODE_SIGN_STYLE = Automatic;
				CURRENT_PROJECT_VERSION = 1;
				DEVELOPMENT_TEAM = U8PG7MY425;
				GENERATE_INFOPLIST_FILE = YES;
				IPHONEOS_DEPLOYMENT_TARGET = 16.2;
				MARKETING_VERSION = 1.0;
				PRODUCT_BUNDLE_IDENTIFIER = "melvinhe.Swifty-BirdTests";
				PRODUCT_NAME = "$(TARGET_NAME)";
				SWIFT_EMIT_LOC_STRINGS = NO;
				SWIFT_VERSION = 5.0;
				TARGETED_DEVICE_FAMILY = "1,2";
				TEST_HOST = "$(BUILT_PRODUCTS_DIR)/Swifty Bird.app/$(BUNDLE_EXECUTABLE_FOLDER_PATH)/Swifty Bird";
			};
			name = Release;
		};
		517E2CD629750E5F0020938D /* Debug */ = {
			isa = XCBuildConfiguration;
			buildSettings = {
				ALWAYS_EMBED_SWIFT_STANDARD_LIBRARIES = YES;
				CODE_SIGN_STYLE = Automatic;
				CURRENT_PROJECT_VERSION = 1;
				DEVELOPMENT_TEAM = U8PG7MY425;
				GENERATE_INFOPLIST_FILE = YES;
				MARKETING_VERSION = 1.0;
				PRODUCT_BUNDLE_IDENTIFIER = "melvinhe.Swifty-BirdUITests";
				PRODUCT_NAME = "$(TARGET_NAME)";
				SWIFT_EMIT_LOC_STRINGS = NO;
				SWIFT_VERSION = 5.0;
				TARGETED_DEVICE_FAMILY = "1,2";
				TEST_TARGET_NAME = "Swifty Bird";
			};
			name = Debug;
		};
		517E2CD729750E5F0020938D /* Release */ = {
			isa = XCBuildConfiguration;
			buildSettings = {
				ALWAYS_EMBED_SWIFT_STANDARD_LIBRARIES = YES;
				CODE_SIGN_STYLE = Automatic;
				CURRENT_PROJECT_VERSION = 1;
				DEVELOPMENT_TEAM = U8PG7MY425;
				GENERATE_INFOPLIST_FILE = YES;
				MARKETING_VERSION = 1.0;
				PRODUCT_BUNDLE_IDENTIFIER = "melvinhe.Swifty-BirdUITests";
				PRODUCT_NAME = "$(TARGET_NAME)";
				SWIFT_EMIT_LOC_STRINGS = NO;
				SWIFT_VERSION = 5.0;
				TARGETED_DEVICE_FAMILY = "1,2";
				TEST_TARGET_NAME = "Swifty Bird";
			};
			name = Release;
		};
/* End XCBuildConfiguration section */

/* Begin XCConfigurationList section */
		517E2C9D29750E5D0020938D /* Build configuration list for PBXProject "Swifty Bird" */ = {
			isa = XCConfigurationList;
			buildConfigurations = (
				517E2CCD29750E5F0020938D /* Debug */,
				517E2CCE29750E5F0020938D /* Release */,
			);
			defaultConfigurationIsVisible = 0;
			defaultConfigurationName = Release;
		};
		517E2CCF29750E5F0020938D /* Build configuration list for PBXNativeTarget "Swifty Bird" */ = {
			isa = XCConfigurationList;
			buildConfigurations = (
				517E2CD029750E5F0020938D /* Debug */,
				517E2CD129750E5F0020938D /* Release */,
			);
			defaultConfigurationIsVisible = 0;
			defaultConfigurationName = Release;
		};
		517E2CD229750E5F0020938D /* Build configuration list for PBXNativeTarget "Swifty BirdTests" */ = {
			isa = XCConfigurationList;
			buildConfigurations = (
				517E2CD329750E5F0020938D /* Debug */,
				517E2CD429750E5F0020938D /* Release */,
			);
			defaultConfigurationIsVisible = 0;
			defaultConfigurationName = Release;
		};
		517E2CD529750E5F0020938D /* Build configuration list for PBXNativeTarget "Swifty BirdUITests" */ = {
			isa = XCConfigurationList;
			buildConfigurations = (
				517E2CD629750E5F0020938D /* Debug */,
				517E2CD729750E5F0020938D /* Release */,
			);
			defaultConfigurationIsVisible = 0;
			defaultConfigurationName = Release;
		};
/* End XCConfigurationList section */
	};
	rootObject = 517E2C9A29750E5D0020938D /* Project object */;
}
